
Microsoft Visual Studio Solution File, Format Version 12.00
# Visual Studio Version 16
VisualStudioVersion = 16.0.31025.194
MinimumVisualStudioVersion = 10.0.40219.1
Project("{FAE04EC0-301F-11D3-BF4B-00C04F79EFBC}") = "Lesson-7-2", "Lesson-7-2\Lesson-7-2.csproj", "{02E79749-FBE3-4932-9635-DABAEA43BCE3}"
EndProject
Global
	GlobalSection(SolutionConfigurationPlatforms) = preSolution
		Debug|Any CPU = Debug|Any CPU
		Release|Any CPU = Release|Any CPU
	EndGlobalSection
	GlobalSection(ProjectConfigurationPlatforms) = postSolution
		{02E79749-FBE3-4932-9635-DABAEA43BCE3}.Debug|Any CPU.ActiveCfg = Debug|Any CPU
		{02E79749-FBE3-4932-9635-DABAEA43BCE3}.Debug|Any CPU.Build.0 = Debug|Any CPU
		{02E79749-FBE3-4932-9635-DABAEA43BCE3}.Release|Any CPU.ActiveCfg = Release|Any CPU
		{02E79749-FBE3-4932-9635-DABAEA43BCE3}.Release|Any CPU.Build.0 = Release|Any CPU
	EndGlobalSection
	GlobalSection(SolutionProperties) = preSolution
		HideSolutionNode = FALSE
	EndGlobalSection
	GlobalSection(ExtensibilityGlobals) = postSolution
		SolutionGuid = {AD57D26E-735E-4012-98E7-5F8FAA5D2044}
	EndGlobalSection
EndGlobal
